// !$*UTF8*$!
{
	archiveVersion = 1;
	classes = {
	};
	objectVersion = 77;
	objects = {

/* Begin PBXBuildFile section */
		0CBE54890412CB1379286A4B /* HomeView.swift in Sources */ = {isa = PBXBuildFile; fileRef = CC042BB7D13E16DBC6124016 /* HomeView.swift */; };
		0E0DFCCC0C6767F04E633C18 /* PetPalette.swift in Sources */ = {isa = PBXBuildFile; fileRef = CCEC04A3D82E8680A08B8BDE /* PetPalette.swift */; };
		19FEFAD17305C8478035258B /* CharacterSelectView.swift in Sources */ = {isa = PBXBuildFile; fileRef = 0D964F26672B8DE14DF7FB85 /* CharacterSelectView.swift */; };
		22F7078482F7F38ACE247A3B /* AppState.swift in Sources */ = {isa = PBXBuildFile; fileRef = 29D5A75F746E634E6BCD06CA /* AppState.swift */; };
		269A955EAAD25370462C0457 /* PacePalApp.swift in Sources */ = {isa = PBXBuildFile; fileRef = 65341C429AB45D652AA38A5F /* PacePalApp.swift */; };
		91650CDFA5CCA1E29B13E074 /* PetDNA.swift in Sources */ = {isa = PBXBuildFile; fileRef = 9EA663C5F1B3C352D42194FD /* PetDNA.swift */; };
		BDEDC1F3537A8303D0AEABB3 /* PetTypes.swift in Sources */ = {isa = PBXBuildFile; fileRef = E58890193F6371973206A045 /* PetTypes.swift */; };
		C9270A8C0DC2EF58C4D9A21D /* PetCanvasView.swift in Sources */ = {isa = PBXBuildFile; fileRef = BAF6B36493681662021AFF9C /* PetCanvasView.swift */; };
		DAC94EA3AF550765B246BBAE /* PetGridBuilder.swift in Sources */ = {isa = PBXBuildFile; fileRef = 67AE8746E4391066F5188BED /* PetGridBuilder.swift */; };
/* End PBXBuildFile section */

/* Begin PBXFileReference section */
		0D964F26672B8DE14DF7FB85 /* CharacterSelectView.swift */ = {isa = PBXFileReference; lastKnownFileType = sourcecode.swift; path = CharacterSelectView.swift; sourceTree = "<group>"; };
		29D5A75F746E634E6BCD06CA /* AppState.swift */ = {isa = PBXFileReference; lastKnownFileType = sourcecode.swift; path = AppState.swift; sourceTree = "<group>"; };
		34A316E70EDFBA8CF37CD726 /* Info.plist */ = {isa = PBXFileReference; lastKnownFileType = text.plist; path = Info.plist; sourceTree = "<group>"; };
		65341C429AB45D652AA38A5F /* PacePalApp.swift */ = {isa = PBXFileReference; lastKnownFileType = sourcecode.swift; path = PacePalApp.swift; sourceTree = "<group>"; };
		67AE8746E4391066F5188BED /* PetGridBuilder.swift */ = {isa = PBXFileReference; lastKnownFileType = sourcecode.swift; path = PetGridBuilder.swift; sourceTree = "<group>"; };
		9EA663C5F1B3C352D42194FD /* PetDNA.swift */ = {isa = PBXFileReference; lastKnownFileType = sourcecode.swift; path = PetDNA.swift; sourceTree = "<group>"; };
		BAF6B36493681662021AFF9C /* PetCanvasView.swift */ = {isa = PBXFileReference; lastKnownFileType = sourcecode.swift; path = PetCanvasView.swift; sourceTree = "<group>"; };
		C90E6DE2B2E173E850CF45A7 /* PacePal.app */ = {isa = PBXFileReference; includeInIndex = 0; lastKnownFileType = wrapper.application; path = PacePal.app; sourceTree = BUILT_PRODUCTS_DIR; };
		CC042BB7D13E16DBC6124016 /* HomeView.swift */ = {isa = PBXFileReference; lastKnownFileType = sourcecode.swift; path = HomeView.swift; sourceTree = "<group>"; };
		CCEC04A3D82E8680A08B8BDE /* PetPalette.swift */ = {isa = PBXFileReference; lastKnownFileType = sourcecode.swift; path = PetPalette.swift; sourceTree = "<group>"; };
		E58890193F6371973206A045 /* PetTypes.swift */ = {isa = PBXFileReference; lastKnownFileType = sourcecode.swift; path = PetTypes.swift; sourceTree = "<group>"; };
/* End PBXFileReference section */

/* Begin PBXGroup section */
		71E97D3A78301B2AA85A6ED4 /* Engine */ = {
			isa = PBXGroup;
			children = (
				9EA663C5F1B3C352D42194FD /* PetDNA.swift */,
				67AE8746E4391066F5188BED /* PetGridBuilder.swift */,
				CCEC04A3D82E8680A08B8BDE /* PetPalette.swift */,
				E58890193F6371973206A045 /* PetTypes.swift */,
			);
			path = Engine;
			sourceTree = "<group>";
		};
		726C04807C275F96733AD6C8 /* PacePal */ = {
			isa = PBXGroup;
			children = (
				29D5A75F746E634E6BCD06CA /* AppState.swift */,
				34A316E70EDFBA8CF37CD726 /* Info.plist */,
				65341C429AB45D652AA38A5F /* PacePalApp.swift */,
				71E97D3A78301B2AA85A6ED4 /* Engine */,
				A76D46D26070036A64995A0E /* Views */,
			);
			path = PacePal;
			sourceTree = "<group>";
		};
		A6138F8376C06B6E03961BE4 /* Products */ = {
			isa = PBXGroup;
			children = (
				C90E6DE2B2E173E850CF45A7 /* PacePal.app */,
			);
			name = Products;
			sourceTree = "<group>";
		};
		A76D46D26070036A64995A0E /* Views */ = {
			isa = PBXGroup;
			children = (
				0D964F26672B8DE14DF7FB85 /* CharacterSelectView.swift */,
				CC042BB7D13E16DBC6124016 /* HomeView.swift */,
				BAF6B36493681662021AFF9C /* PetCanvasView.swift */,
			);
			path = Views;
			sourceTree = "<group>";
		};
		AF3168E2CAF8591EA934E8D2 = {
			isa = PBXGroup;
			children = (
				726C04807C275F96733AD6C8 /* PacePal */,
				A6138F8376C06B6E03961BE4 /* Products */,
			);
			sourceTree = "<group>";
		};
/* End PBXGroup section */

/* Begin PBXNativeTarget section */
		01B2CF2B1350781F6978E222 /* PacePal */ = {
			isa = PBXNativeTarget;
			buildConfigurationList = B6050DF811F3E9505145E137 /* Build configuration list for PBXNativeTarget "PacePal" */;
			buildPhases = (
				1053C4278BC78BAF9DB618E3 /* Sources */,
			);
			buildRules = (
			);
			dependencies = (
			);
			name = PacePal;
			packageProductDependencies = (
			);
			productName = PacePal;
			productReference = C90E6DE2B2E173E850CF45A7 /* PacePal.app */;
			productType = "com.apple.product-type.application";
		};
/* End PBXNativeTarget section */

/* Begin PBXProject section */
		08528AF8D0387F84C46FA525 /* Project object */ = {
			isa = PBXProject;
			attributes = {
				BuildIndependentTargetsInParallel = YES;
				LastUpgradeCheck = 1500;
				TargetAttributes = {
					01B2CF2B1350781F6978E222 = {
						DevelopmentTeam = "";
					};
				};
			};
			buildConfigurationList = E9416ECD8D99A6458A815BF5 /* Build configuration list for PBXProject "PacePal" */;
			developmentRegion = en;
			hasScannedForEncodings = 0;
			knownRegions = (
				Base,
				en,
			);
			mainGroup = AF3168E2CAF8591EA934E8D2;
			minimizedProjectReferenceProxies = 1;
			preferredProjectObjectVersion = 77;
			productRefGroup = A6138F8376C06B6E03961BE4 /* Products */;
			projectDirPath = "";
			projectRoot = "";
			targets = (
				01B2CF2B1350781F6978E222 /* PacePal */,
			);
		};
/* End PBXProject section */

/* Begin PBXSourcesBuildPhase section */
		1053C4278BC78BAF9DB618E3 /* Sources */ = {
			isa = PBXSourcesBuildPhase;
			buildActionMask = 2147483647;
			files = (
				22F7078482F7F38ACE247A3B /* AppState.swift in Sources */,
				19FEFAD17305C8478035258B /* CharacterSelectView.swift in Sources */,
				0CBE54890412CB1379286A4B /* HomeView.swift in Sources */,
				269A955EAAD25370462C0457 /* PacePalApp.swift in Sources */,
				C9270A8C0DC2EF58C4D9A21D /* PetCanvasView.swift in Sources */,
				91650CDFA5CCA1E29B13E074 /* PetDNA.swift in Sources */,
				DAC94EA3AF550765B246BBAE /* PetGridBuilder.swift in Sources */,
				0E0DFCCC0C6767F04E633C18 /* PetPalette.swift in Sources */,
				BDEDC1F3537A8303D0AEABB3 /* PetTypes.swift in Sources */,
			);
			runOnlyForDeploymentPostprocessing = 0;
		};
/* End PBXSourcesBuildPhase section */

/* Begin XCBuildConfiguration section */
		0773F1B9FE04AD8651B7583F /* Debug */ = {
			isa = XCBuildConfiguration;
			buildSettings = {
				ALWAYS_SEARCH_USER_PATHS = NO;
				CLANG_ANALYZER_NONNULL = YES;
				CLANG_ANALYZER_NUMBER_OBJECT_CONVERSION = YES_AGGRESSIVE;
				CLANG_CXX_LANGUAGE_STANDARD = "gnu++14";
				CLANG_CXX_LIBRARY = "libc++";
				CLANG_ENABLE_MODULES = YES;
				CLANG_ENABLE_OBJC_ARC = YES;
				CLANG_ENABLE_OBJC_WEAK = YES;
				CLANG_WARN_BLOCK_CAPTURE_AUTORELEASING = YES;
				CLANG_WARN_BOOL_CONVERSION = YES;
				CLANG_WARN_COMMA = YES;
				CLANG_WARN_CONSTANT_CONVERSION = YES;
				CLANG_WARN_DEPRECATED_OBJC_IMPLEMENTATIONS = YES;
				CLANG_WARN_DIRECT_OBJC_ISA_USAGE = YES_ERROR;
				CLANG_WARN_DOCUMENTATION_COMMENTS = YES;
				CLANG_WARN_EMPTY_BODY = YES;
				CLANG_WARN_ENUM_CONVERSION = YES;
				CLANG_WARN_INFINITE_RECURSION = YES;
				CLANG_WARN_INT_CONVERSION = YES;
				CLANG_WARN_NON_LITERAL_NULL_CONVERSION = YES;
				CLANG_WARN_OBJC_IMPLICIT_RETAIN_SELF = YES;
				CLANG_WARN_OBJC_LITERAL_CONVERSION = YES;
				CLANG_WARN_OBJC_ROOT_CLASS = YES_ERROR;
				CLANG_WARN_QUOTED_INCLUDE_IN_FRAMEWORK_HEADER = YES;
				CLANG_WARN_RANGE_LOOP_ANALYSIS = YES;
				CLANG_WARN_STRICT_PROTOTYPES = YES;
				CLANG_WARN_SUSPICIOUS_MOVE = YES;
				CLANG_WARN_UNGUARDED_AVAILABILITY = YES_AGGRESSIVE;
				CLANG_WARN_UNREACHABLE_CODE = YES;
				CLANG_WARN__DUPLICATE_METHOD_MATCH = YES;
				COPY_PHASE_STRIP = NO;
				DEBUG_INFORMATION_FORMAT = dwarf;
				DEVELOPMENT_TEAM = "";
				ENABLE_STRICT_OBJC_MSGSEND = YES;
				ENABLE_TESTABILITY = YES;
				GCC_C_LANGUAGE_STANDARD = gnu11;
				GCC_DYNAMIC_NO_PIC = NO;
				GCC_NO_COMMON_BLOCKS = YES;
				GCC_OPTIMIZATION_LEVEL = 0;
				GCC_PREPROCESSOR_DEFINITIONS = (
					"$(inherited)",
					"DEBUG=1",
				);
				GCC_WARN_64_TO_32_BIT_CONVERSION = YES;
				GCC_WARN_ABOUT_RETURN_TYPE = YES_ERROR;
				GCC_WARN_UNDECLARED_SELECTOR = YES;
				GCC_WARN_UNINITIALIZED_AUTOS = YES_AGGRESSIVE;
				GCC_WARN_UNUSED_FUNCTION = YES;
				GCC_WARN_UNUSED_VARIABLE = YES;
				IPHONEOS_DEPLOYMENT_TARGET = 17.0;
				MTL_ENABLE_DEBUG_INFO = INCLUDE_SOURCE;
				MTL_FAST_MATH = YES;
				ONLY_ACTIVE_ARCH = YES;
				PRODUCT_NAME = "$(TARGET_NAME)";
				SDKROOT = iphoneos;
				SWIFT_ACTIVE_COMPILATION_CONDITIONS = DEBUG;
				SWIFT_OPTIMIZATION_LEVEL = "-Onone";
				SWIFT_VERSION = 5.9;
			};
			name = Debug;
		};
		1DA9C19141761C0AC5A82CAC /* Debug */ = {
			isa = XCBuildConfiguration;
			buildSettings = {
				ASSETCATALOG_COMPILER_APPICON_NAME = AppIcon;
				CODE_SIGN_IDENTITY = "iPhone Developer";
				CURRENT_PROJECT_VERSION = 1;
				INFOPLIST_FILE = PacePal/Info.plist;
				IPHONEOS_DEPLOYMENT_TARGET = 17.0;
				LD_RUNPATH_SEARCH_PATHS = (
					"$(inherited)",
					"@executable_path/Frameworks",
				);
				MARKETING_VERSION = 1.0;
				PRODUCT_BUNDLE_IDENTIFIER = io.dallio.PacePal;
				SDKROOT = iphoneos;
				SWIFT_EMIT_LOC_STRINGS = YES;
				TARGETED_DEVICE_FAMILY = "1,2";
			};
			name = Debug;
		};
		32607B615AB5D8DB443FDAFE /* Release */ = {
			isa = XCBuildConfiguration;
			buildSettings = {
				ASSETCATALOG_COMPILER_APPICON_NAME = AppIcon;
				CODE_SIGN_IDENTITY = "iPhone Developer";
				CURRENT_PROJECT_VERSION = 1;
				INFOPLIST_FILE = PacePal/Info.plist;
				IPHONEOS_DEPLOYMENT_TARGET = 17.0;
				LD_RUNPATH_SEARCH_PATHS = (
					"$(inherited)",
					"@executable_path/Frameworks",
				);
				MARKETING_VERSION = 1.0;
				PRODUCT_BUNDLE_IDENTIFIER = io.dallio.PacePal;
				SDKROOT = iphoneos;
				SWIFT_EMIT_LOC_STRINGS = YES;
				TARGETED_DEVICE_FAMILY = "1,2";
			};
			name = Release;
		};
		6F3BD404400C90151E6149A8 /* Release */ = {
			isa = XCBuildConfiguration;
			buildSettings = {
				ALWAYS_SEARCH_USER_PATHS = NO;
				CLANG_ANALYZER_NONNULL = YES;
				CLANG_ANALYZER_NUMBER_OBJECT_CONVERSION = YES_AGGRESSIVE;
				CLANG_CXX_LANGUAGE_STANDARD = "gnu++14";
				CLANG_CXX_LIBRARY = "libc++";
				CLANG_ENABLE_MODULES = YES;
				CLANG_ENABLE_OBJC_ARC = YES;
				CLANG_ENABLE_OBJC_WEAK = YES;
				CLANG_WARN_BLOCK_CAPTURE_AUTORELEASING = YES;
				CLANG_WARN_BOOL_CONVERSION = YES;
				CLANG_WARN_COMMA = YES;
				CLANG_WARN_CONSTANT_CONVERSION = YES;
				CLANG_WARN_DEPRECATED_OBJC_IMPLEMENTATIONS = YES;
				CLANG_WARN_DIRECT_OBJC_ISA_USAGE = YES_ERROR;
				CLANG_WARN_DOCUMENTATION_COMMENTS = YES;
				CLANG_WARN_EMPTY_BODY = YES;
				CLANG_WARN_ENUM_CONVERSION = YES;
				CLANG_WARN_INFINITE_RECURSION = YES;
				CLANG_WARN_INT_CONVERSION = YES;
				CLANG_WARN_NON_LITERAL_NULL_CONVERSION = YES;
				CLANG_WARN_OBJC_IMPLICIT_RETAIN_SELF = YES;
				CLANG_WARN_OBJC_LITERAL_CONVERSION = YES;
				CLANG_WARN_OBJC_ROOT_CLASS = YES_ERROR;
				CLANG_WARN_QUOTED_INCLUDE_IN_FRAMEWORK_HEADER = YES;
				CLANG_WARN_RANGE_LOOP_ANALYSIS = YES;
				CLANG_WARN_STRICT_PROTOTYPES = YES;
				CLANG_WARN_SUSPICIOUS_MOVE = YES;
				CLANG_WARN_UNGUARDED_AVAILABILITY = YES_AGGRESSIVE;
				CLANG_WARN_UNREACHABLE_CODE = YES;
				CLANG_WARN__DUPLICATE_METHOD_MATCH = YES;
				COPY_PHASE_STRIP = NO;
				DEBUG_INFORMATION_FORMAT = "dwarf-with-dsym";
				DEVELOPMENT_TEAM = "";
				ENABLE_NS_ASSERTIONS = NO;
				ENABLE_STRICT_OBJC_MSGSEND = YES;
				GCC_C_LANGUAGE_STANDARD = gnu11;
				GCC_NO_COMMON_BLOCKS = YES;
				GCC_WARN_64_TO_32_BIT_CONVERSION = YES;
				GCC_WARN_ABOUT_RETURN_TYPE = YES_ERROR;
				GCC_WARN_UNDECLARED_SELECTOR = YES;
				GCC_WARN_UNINITIALIZED_AUTOS = YES_AGGRESSIVE;
				GCC_WARN_UNUSED_FUNCTION = YES;
				GCC_WARN_UNUSED_VARIABLE = YES;
				IPHONEOS_DEPLOYMENT_TARGET = 17.0;
				MTL_ENABLE_DEBUG_INFO = NO;
				MTL_FAST_MATH = YES;
				PRODUCT_NAME = "$(TARGET_NAME)";
				SDKROOT = iphoneos;
				SWIFT_COMPILATION_MODE = wholemodule;
				SWIFT_OPTIMIZATION_LEVEL = "-O";
				SWIFT_VERSION = 5.9;
			};
			name = Release;
		};
/* End XCBuildConfiguration section */

/* Begin XCConfigurationList section */
		B6050DF811F3E9505145E137 /* Build configuration list for PBXNativeTarget "PacePal" */ = {
			isa = XCConfigurationList;
			buildConfigurations = (
				1DA9C19141761C0AC5A82CAC /* Debug */,
				32607B615AB5D8DB443FDAFE /* Release */,
			);
			defaultConfigurationIsVisible = 0;
			defaultConfigurationName = Debug;
		};
		E9416ECD8D99A6458A815BF5 /* Build configuration list for PBXProject "PacePal" */ = {
			isa = XCConfigurationList;
			buildConfigurations = (
				0773F1B9FE04AD8651B7583F /* Debug */,
				6F3BD404400C90151E6149A8 /* Release */,
			);
			defaultConfigurationIsVisible = 0;
			defaultConfigurationName = Debug;
		};
/* End XCConfigurationList section */
	};
	rootObject = 08528AF8D0387F84C46FA525 /* Project object */;
}
